// !$*UTF8*$!
{
	archiveVersion = 1;
	classes = {
	};
	objectVersion = 56;
	objects = {

/* Begin PBXBuildFile section */
		AB0881372BB9FF9C001AE1DC /* HairStyleModel.swift in Sources */ = {isa = PBXBuildFile; fileRef = AB0881362BB9FF9C001AE1DC /* HairStyleModel.swift */; };
		AB0881392BB9FFBC001AE1DC /* HairStyleView.swift in Sources */ = {isa = PBXBuildFile; fileRef = AB0881382BB9FFBC001AE1DC /* HairStyleView.swift */; };
		AB08813B2BBA0854001AE1DC /* DataService.swift in Sources */ = {isa = PBXBuildFile; fileRef = AB08813A2BBA0854001AE1DC /* DataService.swift */; };
		AB0C52C52BCD8B4200E5D0BC /* SelectedStyleView.swift in Sources */ = {isa = PBXBuildFile; fileRef = AB0C52C42BCD8B4200E5D0BC /* SelectedStyleView.swift */; };
		AB908B2E2BB9E1AA00FAECAC /* TrimsApp.swift in Sources */ = {isa = PBXBuildFile; fileRef = AB908B2D2BB9E1AA00FAECAC /* TrimsApp.swift */; };
		AB908B302BB9E1AA00FAECAC /* MainView.swift in Sources */ = {isa = PBXBuildFile; fileRef = AB908B2F2BB9E1AA00FAECAC /* MainView.swift */; };
		AB908B322BB9E1AC00FAECAC /* Assets.xcassets in Resources */ = {isa = PBXBuildFile; fileRef = AB908B312BB9E1AC00FAECAC /* Assets.xcassets */; };
		AB908B352BB9E1AC00FAECAC /* Preview Assets.xcassets in Resources */ = {isa = PBXBuildFile; fileRef = AB908B342BB9E1AC00FAECAC /* Preview Assets.xcassets */; };
		AB96C34E2BD1D80000D4CA23 /* FilterSelection.swift in Sources */ = {isa = PBXBuildFile; fileRef = AB96C34D2BD1D80000D4CA23 /* FilterSelection.swift */; };
		AB96C3502BD1E1FA00D4CA23 /* ModalView.swift in Sources */ = {isa = PBXBuildFile; fileRef = AB96C34F2BD1E1FA00D4CA23 /* ModalView.swift */; };
/* End PBXBuildFile section */

/* Begin PBXFileReference section */
		AB0881362BB9FF9C001AE1DC /* HairStyleModel.swift */ = {isa = PBXFileReference; lastKnownFileType = sourcecode.swift; path = HairStyleModel.swift; sourceTree = "<group>"; };
		AB0881382BB9FFBC001AE1DC /* HairStyleView.swift */ = {isa = PBXFileReference; lastKnownFileType = sourcecode.swift; path = HairStyleView.swift; sourceTree = "<group>"; };
		AB08813A2BBA0854001AE1DC /* DataService.swift */ = {isa = PBXFileReference; lastKnownFileType = sourcecode.swift; path = DataService.swift; sourceTree = "<group>"; };
		AB0C52C42BCD8B4200E5D0BC /* SelectedStyleView.swift */ = {isa = PBXFileReference; lastKnownFileType = sourcecode.swift; path = SelectedStyleView.swift; sourceTree = "<group>"; };
		AB908B2A2BB9E1AA00FAECAC /* Trims.app */ = {isa = PBXFileReference; explicitFileType = wrapper.application; includeInIndex = 0; path = Trims.app; sourceTree = BUILT_PRODUCTS_DIR; };
		AB908B2D2BB9E1AA00FAECAC /* TrimsApp.swift */ = {isa = PBXFileReference; lastKnownFileType = sourcecode.swift; path = TrimsApp.swift; sourceTree = "<group>"; };
		AB908B2F2BB9E1AA00FAECAC /* MainView.swift */ = {isa = PBXFileReference; lastKnownFileType = sourcecode.swift; path = MainView.swift; sourceTree = "<group>"; };
		AB908B312BB9E1AC00FAECAC /* Assets.xcassets */ = {isa = PBXFileReference; lastKnownFileType = folder.assetcatalog; path = Assets.xcassets; sourceTree = "<group>"; };
		AB908B342BB9E1AC00FAECAC /* Preview Assets.xcassets */ = {isa = PBXFileReference; lastKnownFileType = folder.assetcatalog; path = "Preview Assets.xcassets"; sourceTree = "<group>"; };
		AB96C34D2BD1D80000D4CA23 /* FilterSelection.swift */ = {isa = PBXFileReference; lastKnownFileType = sourcecode.swift; path = FilterSelection.swift; sourceTree = "<group>"; };
		AB96C34F2BD1E1FA00D4CA23 /* ModalView.swift */ = {isa = PBXFileReference; lastKnownFileType = sourcecode.swift; path = ModalView.swift; sourceTree = "<group>"; };
/* End PBXFileReference section */

/* Begin PBXFrameworksBuildPhase section */
		AB908B272BB9E1AA00FAECAC /* Frameworks */ = {
			isa = PBXFrameworksBuildPhase;
			buildActionMask = 2147483647;
			files = (
			);
			runOnlyForDeploymentPostprocessing = 0;
		};
/* End PBXFrameworksBuildPhase section */

/* Begin PBXGroup section */
		AB908B212BB9E1AA00FAECAC = {
			isa = PBXGroup;
			children = (
				AB908B2C2BB9E1AA00FAECAC /* Trims */,
				AB908B2B2BB9E1AA00FAECAC /* Products */,
			);
			sourceTree = "<group>";
		};
		AB908B2B2BB9E1AA00FAECAC /* Products */ = {
			isa = PBXGroup;
			children = (
				AB908B2A2BB9E1AA00FAECAC /* Trims.app */,
			);
			name = Products;
			sourceTree = "<group>";
		};
		AB908B2C2BB9E1AA00FAECAC /* Trims */ = {
			isa = PBXGroup;
			children = (
				AB908B2D2BB9E1AA00FAECAC /* TrimsApp.swift */,
				AB908B2F2BB9E1AA00FAECAC /* MainView.swift */,
				AB08813A2BBA0854001AE1DC /* DataService.swift */,
				AB0881362BB9FF9C001AE1DC /* HairStyleModel.swift */,
				AB0881382BB9FFBC001AE1DC /* HairStyleView.swift */,
				AB0C52C42BCD8B4200E5D0BC /* SelectedStyleView.swift */,
				AB908B312BB9E1AC00FAECAC /* Assets.xcassets */,
				AB908B332BB9E1AC00FAECAC /* Preview Content */,
				AB96C34D2BD1D80000D4CA23 /* FilterSelection.swift */,
				AB96C34F2BD1E1FA00D4CA23 /* ModalView.swift */,
			);
			path = Trims;
			sourceTree = "<group>";
		};
		AB908B332BB9E1AC00FAECAC /* Preview Content */ = {
			isa = PBXGroup;
			children = (
				AB908B342BB9E1AC00FAECAC /* Preview Assets.xcassets */,
			);
			path = "Preview Content";
			sourceTree = "<group>";
		};
/* End PBXGroup section */

/* Begin PBXNativeTarget section */
		AB908B292BB9E1AA00FAECAC /* Trims */ = {
			isa = PBXNativeTarget;
			buildConfigurationList = AB908B382BB9E1AC00FAECAC /* Build configuration list for PBXNativeTarget "Trims" */;
			buildPhases = (
				AB908B262BB9E1AA00FAECAC /* Sources */,
				AB908B272BB9E1AA00FAECAC /* Frameworks */,
				AB908B282BB9E1AA00FAECAC /* Resources */,
			);
			buildRules = (
			);
			dependencies = (
			);
			name = Trims;
			productName = Trims;
			productReference = AB908B2A2BB9E1AA00FAECAC /* Trims.app */;
			productType = "com.apple.product-type.application";
		};
/* End PBXNativeTarget section */

/* Begin PBXProject section */
		AB908B222BB9E1AA00FAECAC /* Project object */ = {
			isa = PBXProject;
			attributes = {
				BuildIndependentTargetsInParallel = 1;
				LastSwiftUpdateCheck = 1530;
				LastUpgradeCheck = 1530;
				TargetAttributes = {
					AB908B292BB9E1AA00FAECAC = {
						CreatedOnToolsVersion = 15.3;
					};
				};
			};
			buildConfigurationList = AB908B252BB9E1AA00FAECAC /* Build configuration list for PBXProject "Trims" */;
			compatibilityVersion = "Xcode 14.0";
			developmentRegion = en;
			hasScannedForEncodings = 0;
			knownRegions = (
				en,
				Base,
			);
			mainGroup = AB908B212BB9E1AA00FAECAC;
			productRefGroup = AB908B2B2BB9E1AA00FAECAC /* Products */;
			projectDirPath = "";
			projectRoot = "";
			targets = (
				AB908B292BB9E1AA00FAECAC /* Trims */,
			);
		};
/* End PBXProject section */

/* Begin PBXResourcesBuildPhase section */
		AB908B282BB9E1AA00FAECAC /* Resources */ = {
			isa = PBXResourcesBuildPhase;
			buildActionMask = 2147483647;
			files = (
				AB908B352BB9E1AC00FAECAC /* Preview Assets.xcassets in Resources */,
				AB908B322BB9E1AC00FAECAC /* Assets.xcassets in Resources */,
			);
			runOnlyForDeploymentPostprocessing = 0;
		};
/* End PBXResourcesBuildPhase section */

/* Begin PBXSourcesBuildPhase section */
		AB908B262BB9E1AA00FAECAC /* Sources */ = {
			isa = PBXSourcesBuildPhase;
			buildActionMask = 2147483647;
			files = (
				AB908B302BB9E1AA00FAECAC /* MainView.swift in Sources */,
				AB96C34E2BD1D80000D4CA23 /* FilterSelection.swift in Sources */,
				AB96C3502BD1E1FA00D4CA23 /* ModalView.swift in Sources */,
				AB0881372BB9FF9C001AE1DC /* HairStyleModel.swift in Sources */,
				AB0881392BB9FFBC001AE1DC /* HairStyleView.swift in Sources */,
				AB0C52C52BCD8B4200E5D0BC /* SelectedStyleView.swift in Sources */,
				AB908B2E2BB9E1AA00FAECAC /* TrimsApp.swift in Sources */,
				AB08813B2BBA0854001AE1DC /* DataService.swift in Sources */,
			);
			runOnlyForDeploymentPostprocessing = 0;
		};
/* End PBXSourcesBuildPhase section */

/* Begin XCBuildConfiguration section */
		AB908B362BB9E1AC00FAECAC /* Debug */ = {
			isa = XCBuildConfiguration;
			buildSettings = {
				ALWAYS_SEARCH_USER_PATHS = NO;
				ASSETCATALOG_COMPILER_GENERATE_SWIFT_ASSET_SYMBOL_EXTENSIONS = YES;
				CLANG_ANALYZER_NONNULL = YES;
				CLANG_ANALYZER_NUMBER_OBJECT_CONVERSION = YES_AGGRESSIVE;
				CLANG_CXX_LANGUAGE_STANDARD = "gnu++20";
				CLANG_ENABLE_MODULES = YES;
				CLANG_ENABLE_OBJC_ARC = YES;
				CLANG_ENABLE_OBJC_WEAK = YES;
				CLANG_WARN_BLOCK_CAPTURE_AUTORELEASING = YES;
				CLANG_WARN_BOOL_CONVERSION = YES;
				CLANG_WARN_COMMA = YES;
				CLANG_WARN_CONSTANT_CONVERSION = YES;
				CLANG_WARN_DEPRECATED_OBJC_IMPLEMENTATIONS = YES;
				CLANG_WARN_DIRECT_OBJC_ISA_USAGE = YES_ERROR;
				CLANG_WARN_DOCUMENTATION_COMMENTS = YES;
				CLANG_WARN_EMPTY_BODY = YES;
				CLANG_WARN_ENUM_CONVERSION = YES;
				CLANG_WARN_INFINITE_RECURSION = YES;
				CLANG_WARN_INT_CONVERSION = YES;
				CLANG_WARN_NON_LITERAL_NULL_CONVERSION = YES;
				CLANG_WARN_OBJC_IMPLICIT_RETAIN_SELF = YES;
				CLANG_WARN_OBJC_LITERAL_CONVERSION = YES;
				CLANG_WARN_OBJC_ROOT_CLASS = YES_ERROR;
				CLANG_WARN_QUOTED_INCLUDE_IN_FRAMEWORK_HEADER = YES;
				CLANG_WARN_RANGE_LOOP_ANALYSIS = YES;
				CLANG_WARN_STRICT_PROTOTYPES = YES;
				CLANG_WARN_SUSPICIOUS_MOVE = YES;
				CLANG_WARN_UNGUARDED_AVAILABILITY = YES_AGGRESSIVE;
				CLANG_WARN_UNREACHABLE_CODE = YES;
				CLANG_WARN__DUPLICATE_METHOD_MATCH = YES;
				COPY_PHASE_STRIP = NO;
				DEBUG_INFORMATION_FORMAT = dwarf;
				ENABLE_STRICT_OBJC_MSGSEND = YES;
				ENABLE_TESTABILITY = YES;
				ENABLE_USER_SCRIPT_SANDBOXING = YES;
				GCC_C_LANGUAGE_STANDARD = gnu17;
				GCC_DYNAMIC_NO_PIC = NO;
				GCC_NO_COMMON_BLOCKS = YES;
				GCC_OPTIMIZATION_LEVEL = 0;
				GCC_PREPROCESSOR_DEFINITIONS = (
					"DEBUG=1",
					"$(inherited)",
				);
				GCC_WARN_64_TO_32_BIT_CONVERSION = YES;
				GCC_WARN_ABOUT_RETURN_TYPE = YES_ERROR;
				GCC_WARN_UNDECLARED_SELECTOR = YES;
				GCC_WARN_UNINITIALIZED_AUTOS = YES_AGGRESSIVE;
				GCC_WARN_UNUSED_FUNCTION = YES;
				GCC_WARN_UNUSED_VARIABLE = YES;
				IPHONEOS_DEPLOYMENT_TARGET = 17.4;
				LOCALIZATION_PREFERS_STRING_CATALOGS = YES;
				MTL_ENABLE_DEBUG_INFO = INCLUDE_SOURCE;
				MTL_FAST_MATH = YES;
				ONLY_ACTIVE_ARCH = YES;
				SDKROOT = iphoneos;
				SWIFT_ACTIVE_COMPILATION_CONDITIONS = "DEBUG $(inherited)";
				SWIFT_OPTIMIZATION_LEVEL = "-Onone";
			};
			name = Debug;
		};
		AB908B372BB9E1AC00FAECAC /* Release */ = {
			isa = XCBuildConfiguration;
			buildSettings = {
				ALWAYS_SEARCH_USER_PATHS = NO;
				ASSETCATALOG_COMPILER_GENERATE_SWIFT_ASSET_SYMBOL_EXTENSIONS = YES;
				CLANG_ANALYZER_NONNULL = YES;
				CLANG_ANALYZER_NUMBER_OBJECT_CONVERSION = YES_AGGRESSIVE;
				CLANG_CXX_LANGUAGE_STANDARD = "gnu++20";
				CLANG_ENABLE_MODULES = YES;
				CLANG_ENABLE_OBJC_ARC = YES;
				CLANG_ENABLE_OBJC_WEAK = YES;
				CLANG_WARN_BLOCK_CAPTURE_AUTORELEASING = YES;
				CLANG_WARN_BOOL_CONVERSION = YES;
				CLANG_WARN_COMMA = YES;
				CLANG_WARN_CONSTANT_CONVERSION = YES;
				CLANG_WARN_DEPRECATED_OBJC_IMPLEMENTATIONS = YES;
				CLANG_WARN_DIRECT_OBJC_ISA_USAGE = YES_ERROR;
				CLANG_WARN_DOCUMENTATION_COMMENTS = YES;
				CLANG_WARN_EMPTY_BODY = YES;
				CLANG_WARN_ENUM_CONVERSION = YES;
				CLANG_WARN_INFINITE_RECURSION = YES;
				CLANG_WARN_INT_CONVERSION = YES;
				CLANG_WARN_NON_LITERAL_NULL_CONVERSION = YES;
				CLANG_WARN_OBJC_IMPLICIT_RETAIN_SELF = YES;
				CLANG_WARN_OBJC_LITERAL_CONVERSION = YES;
				CLANG_WARN_OBJC_ROOT_CLASS = YES_ERROR;
				CLANG_WARN_QUOTED_INCLUDE_IN_FRAMEWORK_HEADER = YES;
				CLANG_WARN_RANGE_LOOP_ANALYSIS = YES;
				CLANG_WARN_STRICT_PROTOTYPES = YES;
				CLANG_WARN_SUSPICIOUS_MOVE = YES;
				CLANG_WARN_UNGUARDED_AVAILABILITY = YES_AGGRESSIVE;
				CLANG_WARN_UNREACHABLE_CODE = YES;
				CLANG_WARN__DUPLICATE_METHOD_MATCH = YES;
				COPY_PHASE_STRIP = NO;
				DEBUG_INFORMATION_FORMAT = "dwarf-with-dsym";
				ENABLE_NS_ASSERTIONS = NO;
				ENABLE_STRICT_OBJC_MSGSEND = YES;
				ENABLE_USER_SCRIPT_SANDBOXING = YES;
				GCC_C_LANGUAGE_STANDARD = gnu17;
				GCC_NO_COMMON_BLOCKS = YES;
				GCC_WARN_64_TO_32_BIT_CONVERSION = YES;
				GCC_WARN_ABOUT_RETURN_TYPE = YES_ERROR;
				GCC_WARN_UNDECLARED_SELECTOR = YES;
				GCC_WARN_UNINITIALIZED_AUTOS = YES_AGGRESSIVE;
				GCC_WARN_UNUSED_FUNCTION = YES;
				GCC_WARN_UNUSED_VARIABLE = YES;
				IPHONEOS_DEPLOYMENT_TARGET = 17.4;
				LOCALIZATION_PREFERS_STRING_CATALOGS = YES;
				MTL_ENABLE_DEBUG_INFO = NO;
				MTL_FAST_MATH = YES;
				SDKROOT = iphoneos;
				SWIFT_COMPILATION_MODE = wholemodule;
				VALIDATE_PRODUCT = YES;
			};
			name = Release;
		};
		AB908B392BB9E1AC00FAECAC /* Debug */ = {
			isa = XCBuildConfiguration;
			buildSettings = {
				ASSETCATALOG_COMPILER_APPICON_NAME = AppIcon;
				ASSETCATALOG_COMPILER_GLOBAL_ACCENT_COLOR_NAME = AccentColor;
				CODE_SIGN_STYLE = Automatic;
				CURRENT_PROJECT_VERSION = 1;
				DEVELOPMENT_ASSET_PATHS = "\"Trims/Preview Content\"";
				ENABLE_PREVIEWS = YES;
				GENERATE_INFOPLIST_FILE = YES;
				INFOPLIST_KEY_UIApplicationSceneManifest_Generation = YES;
				INFOPLIST_KEY_UIApplicationSupportsIndirectInputEvents = YES;
				INFOPLIST_KEY_UILaunchScreen_Generation = YES;
				INFOPLIST_KEY_UISupportedInterfaceOrientations_iPad = "UIInterfaceOrientationPortrait UIInterfaceOrientationPortraitUpsideDown UIInterfaceOrientationLandscapeLeft UIInterfaceOrientationLandscapeRight";
				INFOPLIST_KEY_UISupportedInterfaceOrientations_iPhone = "UIInterfaceOrientationPortrait UIInterfaceOrientationLandscapeLeft UIInterfaceOrientationLandscapeRight";
				LD_RUNPATH_SEARCH_PATHS = (
					"$(inherited)",
					"@executable_path/Frameworks",
				);
				MARKETING_VERSION = 1.0;
				PRODUCT_BUNDLE_IDENTIFIER = com.dimejiDev.Trims;
				PRODUCT_NAME = "$(TARGET_NAME)";
				SWIFT_EMIT_LOC_STRINGS = YES;
				SWIFT_VERSION = 5.0;
				TARGETED_DEVICE_FAMILY = "1,2";
			};
			name = Debug;
		};
		AB908B3A2BB9E1AC00FAECAC /* Release */ = {
			isa = XCBuildConfiguration;
			buildSettings = {
				ASSETCATALOG_COMPILER_APPICON_NAME = AppIcon;
				ASSETCATALOG_COMPILER_GLOBAL_ACCENT_COLOR_NAME = AccentColor;
				CODE_SIGN_STYLE = Automatic;
				CURRENT_PROJECT_VERSION = 1;
				DEVELOPMENT_ASSET_PATHS = "\"Trims/Preview Content\"";
				ENABLE_PREVIEWS = YES;
				GENERATE_INFOPLIST_FILE = YES;
				INFOPLIST_KEY_UIApplicationSceneManifest_Generation = YES;
				INFOPLIST_KEY_UIApplicationSupportsIndirectInputEvents = YES;
				INFOPLIST_KEY_UILaunchScreen_Generation = YES;
				INFOPLIST_KEY_UISupportedInterfaceOrientations_iPad = "UIInterfaceOrientationPortrait UIInterfaceOrientationPortraitUpsideDown UIInterfaceOrientationLandscapeLeft UIInterfaceOrientationLandscapeRight";
				INFOPLIST_KEY_UISupportedInterfaceOrientations_iPhone = "UIInterfaceOrientationPortrait UIInterfaceOrientationLandscapeLeft UIInterfaceOrientationLandscapeRight";
				LD_RUNPATH_SEARCH_PATHS = (
					"$(inherited)",
					"@executable_path/Frameworks",
				);
				MARKETING_VERSION = 1.0;
				PRODUCT_BUNDLE_IDENTIFIER = com.dimejiDev.Trims;
				PRODUCT_NAME = "$(TARGET_NAME)";
				SWIFT_EMIT_LOC_STRINGS = YES;
				SWIFT_VERSION = 5.0;
				TARGETED_DEVICE_FAMILY = "1,2";
			};
			name = Release;
		};
/* End XCBuildConfiguration section */

/* Begin XCConfigurationList section */
		AB908B252BB9E1AA00FAECAC /* Build configuration list for PBXProject "Trims" */ = {
			isa = XCConfigurationList;
			buildConfigurations = (
				AB908B362BB9E1AC00FAECAC /* Debug */,
				AB908B372BB9E1AC00FAECAC /* Release */,
			);
			defaultConfigurationIsVisible = 0;
			defaultConfigurationName = Release;
		};
		AB908B382BB9E1AC00FAECAC /* Build configuration list for PBXNativeTarget "Trims" */ = {
			isa = XCConfigurationList;
			buildConfigurations = (
				AB908B392BB9E1AC00FAECAC /* Debug */,
				AB908B3A2BB9E1AC00FAECAC /* Release */,
			);
			defaultConfigurationIsVisible = 0;
			defaultConfigurationName = Release;
		};
/* End XCConfigurationList section */
	};
	rootObject = AB908B222BB9E1AA00FAECAC /* Project object */;
}
